
Microsoft Visual Studio Solution File, Format Version 12.00
# Visual Studio Version 17
VisualStudioVersion = 17.6.33829.357
MinimumVisualStudioVersion = 10.0.40219.1
Project("{FAE04EC0-301F-11D3-BF4B-00C04F79EFBC}") = "EasyIdentity.Web", "EasyIdentity.Web\EasyIdentity.Web.csproj", "{15DA20BF-4B6A-4BB1-9A5A-20D19B3D2427}"
EndProject
Project("{FAE04EC0-301F-11D3-BF4B-00C04F79EFBC}") = "EasyIdentity.Core", "EasyIdentity.Core\EasyIdentity.Core.csproj", "{8A4CE358-8BA1-4CD3-A23F-BCAC3F3F4DEB}"
EndProject
Global
	GlobalSection(SolutionConfigurationPlatforms) = preSolution
		Debug|Any CPU = Debug|Any CPU
		Release|Any CPU = Release|Any CPU
	EndGlobalSection
	GlobalSection(ProjectConfigurationPlatforms) = postSolution
		{15DA20BF-4B6A-4BB1-9A5A-20D19B3D2427}.Debug|Any CPU.ActiveCfg = Debug|Any CPU
		{15DA20BF-4B6A-4BB1-9A5A-20D19B3D2427}.Debug|Any CPU.Build.0 = Debug|Any CPU
		{15DA20BF-4B6A-4BB1-9A5A-20D19B3D2427}.Release|Any CPU.ActiveCfg = Release|Any CPU
		{15DA20BF-4B6A-4BB1-9A5A-20D19B3D2427}.Release|Any CPU.Build.0 = Release|Any CPU
		{8A4CE358-8BA1-4CD3-A23F-BCAC3F3F4DEB}.Debug|Any CPU.ActiveCfg = Debug|Any CPU
		{8A4CE358-8BA1-4CD3-A23F-BCAC3F3F4DEB}.Debug|Any CPU.Build.0 = Debug|Any CPU
		{8A4CE358-8BA1-4CD3-A23F-BCAC3F3F4DEB}.Release|Any CPU.ActiveCfg = Release|Any CPU
		{8A4CE358-8BA1-4CD3-A23F-BCAC3F3F4DEB}.Release|Any CPU.Build.0 = Release|Any CPU
	EndGlobalSection
	GlobalSection(SolutionProperties) = preSolution
		HideSolutionNode = FALSE
	EndGlobalSection
	GlobalSection(ExtensibilityGlobals) = postSolution
		SolutionGuid = {77508D4C-2DED-4DB9-B3CC-DBD458F124B3}
	EndGlobalSection
EndGlobal
